
Microsoft Visual Studio Solution File, Format Version 11.00
# Visual Studio 2010
Project("{FAE04EC0-301F-11D3-BF4B-00C04F79EFBC}") = "biosignals", "biosignals\biosignals.csproj", "{5AAF35DA-D6C6-48CF-B4A7-0EEDACEF5AF7}"
EndProject
Project("{FAE04EC0-301F-11D3-BF4B-00C04F79EFBC}") = "GraphDisplayLib", "GraphDisplayLib\GraphDisplayLib.csproj", "{34FC5BFA-A73B-4490-A57C-DD0A4E628BD5}"
EndProject
Global
	GlobalSection(SolutionConfigurationPlatforms) = preSolution
		Debug|Any CPU = Debug|Any CPU
		Debug|Mixed Platforms = Debug|Mixed Platforms
		Debug|x86 = Debug|x86
		Release|Any CPU = Release|Any CPU
		Release|Mixed Platforms = Release|Mixed Platforms
		Release|x86 = Release|x86
	EndGlobalSection
	GlobalSection(ProjectConfigurationPlatforms) = postSolution
		{5AAF35DA-D6C6-48CF-B4A7-0EEDACEF5AF7}.Debug|Any CPU.ActiveCfg = Debug|x86
		{5AAF35DA-D6C6-48CF-B4A7-0EEDACEF5AF7}.Debug|Mixed Platforms.ActiveCfg = Debug|x86
		{5AAF35DA-D6C6-48CF-B4A7-0EEDACEF5AF7}.Debug|Mixed Platforms.Build.0 = Debug|x86
		{5AAF35DA-D6C6-48CF-B4A7-0EEDACEF5AF7}.Debug|x86.ActiveCfg = Debug|x86
		{5AAF35DA-D6C6-48CF-B4A7-0EEDACEF5AF7}.Debug|x86.Build.0 = Debug|x86
		{5AAF35DA-D6C6-48CF-B4A7-0EEDACEF5AF7}.Release|Any CPU.ActiveCfg = Release|x86
		{5AAF35DA-D6C6-48CF-B4A7-0EEDACEF5AF7}.Release|Mixed Platforms.ActiveCfg = Release|x86
		{5AAF35DA-D6C6-48CF-B4A7-0EEDACEF5AF7}.Release|Mixed Platforms.Build.0 = Release|x86
		{5AAF35DA-D6C6-48CF-B4A7-0EEDACEF5AF7}.Release|x86.ActiveCfg = Release|x86
		{5AAF35DA-D6C6-48CF-B4A7-0EEDACEF5AF7}.Release|x86.Build.0 = Release|x86
		{34FC5BFA-A73B-4490-A57C-DD0A4E628BD5}.Debug|Any CPU.ActiveCfg = Debug|Any CPU
		{34FC5BFA-A73B-4490-A57C-DD0A4E628BD5}.Debug|Any CPU.Build.0 = Debug|Any CPU
		{34FC5BFA-A73B-4490-A57C-DD0A4E628BD5}.Debug|Mixed Platforms.ActiveCfg = Debug|Any CPU
		{34FC5BFA-A73B-4490-A57C-DD0A4E628BD5}.Debug|Mixed Platforms.Build.0 = Debug|Any CPU
		{34FC5BFA-A73B-4490-A57C-DD0A4E628BD5}.Debug|x86.ActiveCfg = Debug|Any CPU
		{34FC5BFA-A73B-4490-A57C-DD0A4E628BD5}.Release|Any CPU.ActiveCfg = Release|Any CPU
		{34FC5BFA-A73B-4490-A57C-DD0A4E628BD5}.Release|Any CPU.Build.0 = Release|Any CPU
		{34FC5BFA-A73B-4490-A57C-DD0A4E628BD5}.Release|Mixed Platforms.ActiveCfg = Release|Any CPU
		{34FC5BFA-A73B-4490-A57C-DD0A4E628BD5}.Release|Mixed Platforms.Build.0 = Release|Any CPU
		{34FC5BFA-A73B-4490-A57C-DD0A4E628BD5}.Release|x86.ActiveCfg = Release|Any CPU
	EndGlobalSection
	GlobalSection(SolutionProperties) = preSolution
		HideSolutionNode = FALSE
	EndGlobalSection
EndGlobal
